
Microsoft Visual Studio Solution File, Format Version 12.00
# Visual Studio Version 17
VisualStudioVersion = 17.4.33205.214
MinimumVisualStudioVersion = 10.0.40219.1
Project("{FAE04EC0-301F-11D3-BF4B-00C04F79EFBC}") = "AB2CMigration", "AB2CMigration\AB2CMigration.csproj", "{2AFFD876-1483-4EDB-A850-403632141ED1}"
EndProject
Project("{FAE04EC0-301F-11D3-BF4B-00C04F79EFBC}") = "ConnectionB2C", "ConnectionB2C\ConnectionB2C.csproj", "{93142645-B215-4818-AF2B-B2013B09CEC5}"
EndProject
Global
	GlobalSection(SolutionConfigurationPlatforms) = preSolution
		Debug|Any CPU = Debug|Any CPU
		Release|Any CPU = Release|Any CPU
	EndGlobalSection
	GlobalSection(ProjectConfigurationPlatforms) = postSolution
		{2AFFD876-1483-4EDB-A850-403632141ED1}.Debug|Any CPU.ActiveCfg = Debug|Any CPU
		{2AFFD876-1483-4EDB-A850-403632141ED1}.Debug|Any CPU.Build.0 = Debug|Any CPU
		{2AFFD876-1483-4EDB-A850-403632141ED1}.Release|Any CPU.ActiveCfg = Release|Any CPU
		{2AFFD876-1483-4EDB-A850-403632141ED1}.Release|Any CPU.Build.0 = Release|Any CPU
		{93142645-B215-4818-AF2B-B2013B09CEC5}.Debug|Any CPU.ActiveCfg = Debug|Any CPU
		{93142645-B215-4818-AF2B-B2013B09CEC5}.Debug|Any CPU.Build.0 = Debug|Any CPU
		{93142645-B215-4818-AF2B-B2013B09CEC5}.Release|Any CPU.ActiveCfg = Release|Any CPU
		{93142645-B215-4818-AF2B-B2013B09CEC5}.Release|Any CPU.Build.0 = Release|Any CPU
	EndGlobalSection
	GlobalSection(SolutionProperties) = preSolution
		HideSolutionNode = FALSE
	EndGlobalSection
	GlobalSection(ExtensibilityGlobals) = postSolution
		SolutionGuid = {9FC948C3-2D81-4A9B-BF07-F7CA912B0BE0}
	EndGlobalSection
EndGlobal
